go.withmatt.com/metrics v0.6.0 h1:KbaV069e38ife9VnZXAn/YLjt0AgTD2HalJqPzdv4CU=
go.withmatt.com/metrics v0.6.0/go.mod h1:UcQWoQtd/XaG8G0uG7EdASihWoQ4boXBbzge7XrhXIM=
golang.org/x/sys v0.31.0 h1:ioabZlmFYtWhL+TRYpcnNlLwhyxaM9kWTDEmfnprqik=
golang.org/x/sys v0.31.0/go.mod h1:BJP2sWEmIv4KK5OTEluFJCKSidICx8ciO85XgH3Ak8k=
